{
  "version": 4,
  "terraform_version": "1.1.6",
  "serial": 143,
  "lineage": "cbe00be6-6a1e-6504-bdfd-541a4ba79394",
  "outputs": {},
  "resources": [
    {
      "mode": "data",
      "type": "aws_vpc",
      "name": "default",
      "provider": "provider[\"registry.terraform.io/hashicorp/aws\"]",
      "instances": [
        {
          "schema_version": 0,
          "attributes": {
            "arn": "arn:aws:ec2:us-east-2:763174776806:vpc/vpc-8cae28e7",
            "cidr_block": "172.31.0.0/16",
            "cidr_block_associations": [
              {
                "association_id": "vpc-cidr-assoc-504ccc3b",
                "cidr_block": "172.31.0.0/16",
                "state": "associated"
              }
            ],
            "default": true,
            "dhcp_options_id": "dopt-5ac35831",
            "enable_dns_hostnames": true,
            "enable_dns_support": true,
            "filter": null,
            "id": "vpc-8cae28e7",
            "instance_tenancy": "default",
            "ipv6_association_id": "",
            "ipv6_cidr_block": "",
            "main_route_table_id": "rtb-2befa040",
            "owner_id": "763174776806",
            "state": null,
            "tags": {}
          },
          "sensitive_attributes": []
        }
      ]
    },
    {
      "mode": "managed",
      "type": "aws_instance",
      "name": "prod",
      "provider": "provider[\"registry.terraform.io/hashicorp/aws\"]",
      "instances": [
        {
          "schema_version": 1,
          "attributes": {
            "ami": "ami-08b6f2a5c291246a0",
            "arn": "arn:aws:ec2:us-east-2:763174776806:instance/i-052cd0c7abb5b1d99",
            "associate_public_ip_address": true,
            "availability_zone": "us-east-2c",
            "capacity_reservation_specification": [
              {
                "capacity_reservation_preference": "open",
                "capacity_reservation_target": []
              }
            ],
            "cpu_core_count": 1,
            "cpu_threads_per_core": 1,
            "credit_specification": [
              {
                "cpu_credits": "standard"
              }
            ],
            "disable_api_termination": false,
            "ebs_block_device": [],
            "ebs_optimized": false,
            "enclave_options": [
              {
                "enabled": false
              }
            ],
            "ephemeral_block_device": [],
            "get_password_data": false,
            "hibernation": false,
            "host_id": null,
            "iam_instance_profile": "",
            "id": "i-052cd0c7abb5b1d99",
            "instance_initiated_shutdown_behavior": "stop",
            "instance_state": "running",
            "instance_type": "t2.micro",
            "ipv6_address_count": 0,
            "ipv6_addresses": [],
            "key_name": "ssh_instance_key",
            "launch_template": [],
            "metadata_options": [
              {
                "http_endpoint": "enabled",
                "http_put_response_hop_limit": 1,
                "http_tokens": "optional",
                "instance_metadata_tags": "disabled"
              }
            ],
            "monitoring": false,
            "network_interface": [],
            "outpost_arn": "",
            "password_data": "",
            "placement_group": "",
            "placement_partition_number": null,
            "primary_network_interface_id": "eni-0b94d965c48b71e87",
            "private_dns": "ip-172-31-40-132.us-east-2.compute.internal",
            "private_ip": "172.31.40.132",
            "public_dns": "ec2-3-144-161-159.us-east-2.compute.amazonaws.com",
            "public_ip": "3.144.161.159",
            "root_block_device": [
              {
                "delete_on_termination": true,
                "device_name": "/dev/xvda",
                "encrypted": false,
                "iops": 100,
                "kms_key_id": "",
                "tags": {},
                "throughput": 0,
                "volume_id": "vol-06e06c7eb3d0cd781",
                "volume_size": 8,
                "volume_type": "gp2"
              }
            ],
            "secondary_private_ips": [],
            "security_groups": [
              "default"
            ],
            "source_dest_check": true,
            "subnet_id": "subnet-d63c739a",
            "tags": {
              "Name": "test-ec2"
            },
            "tags_all": {
              "Name": "test-ec2"
            },
            "tenancy": "default",
            "timeouts": null,
            "user_data": "91551f4f27d2c1c067bb52c57a206d473f97b850",
            "user_data_base64": null,
            "volume_tags": null,
            "vpc_security_group_ids": [
              "sg-f6cee085"
            ]
          },
          "sensitive_attributes": [],
          "private": "eyJlMmJmYjczMC1lY2FhLTExZTYtOGY4OC0zNDM2M2JjN2M0YzAiOnsiY3JlYXRlIjo2MDAwMDAwMDAwMDAsImRlbGV0ZSI6MTIwMDAwMDAwMDAwMCwidXBkYXRlIjo2MDAwMDAwMDAwMDB9LCJzY2hlbWFfdmVyc2lvbiI6IjEifQ==",
          "dependencies": [
            "aws_key_pair.user_ssh"
          ]
        }
      ]
    },
    {
      "mode": "managed",
      "type": "aws_key_pair",
      "name": "user_ssh",
      "provider": "provider[\"registry.terraform.io/hashicorp/aws\"]",
      "instances": [
        {
          "schema_version": 1,
          "attributes": {
            "arn": "arn:aws:ec2:us-east-2:763174776806:key-pair/ssh_instance_key",
            "fingerprint": "d5:55:8c:4c:64:ad:d4:72:5c:4e:5d:a2:65:7e:2a:ef",
            "id": "ssh_instance_key",
            "key_name": "ssh_instance_key",
            "key_name_prefix": "",
            "key_pair_id": "key-054858a20721dac94",
            "public_key": "ssh-rsa AAAAB3NzaC1yc2EAAAADAQABAAACAQDW/Jn0OQDdSh20aPSDTRNHNffw2/PCkw/CKYtp/ScekQw8h44wY3kiMwSw+wUv5kSpQVy+b7GnIrDLyMyX8o0dVAC1wswAddpj/oZNaijisIDaxsgg4G9cbMllwgHgoswEFl6SXC9j10KBMFFwspxvGWUIHYwbalxc9yWCrzpzGuhteQy8NSqkOSDME2CSwo6WfasN4bvbkZ8sL+jGSfe3JTZgEixjhxKS4Fwb+TPiOMYw5wVFGNf1LPZ9HndnajjRu7zc3vzqBjybdhChIPoxgzu3KkR0Id4YdJ/0o+2KRfB3pKcDzdr1vHAGzzd09peVixh82ycgfqdCODs1u6+lgbO+HU5dq7WJsPft3zF7myKFeH8IVDh7PlIRtIhxTolh5W/2dLpfhYcaBZw4JyhYqmPWE7BO9qQL8MqIWsJho7jW/I8A50LS651Txx6wLI0MPetsEycZ4qPI2PuhcbA909xymmjXLvJ5SPtvMiS2JKMzwVHDLDYDn7S+/bnMSM34bnpbTPv/kXjFYpVta1omxHoYRmdfCuCKMuQmjSS5tgJ0gkmWLEfwNBjSN/dumXc0IyWhZnZ6f6WfRPPS5iu5znV/wkeleTrSTF63c9W5e+ZuOKgGW5E4Dfmdz2PFbCPNn7f++yWKtDuLG64BjXwiZrLniA4cuJ0+VPH+IoHPOw== jhon@mnatg.com",
            "tags": {},
            "tags_all": {}
          },
          "sensitive_attributes": [],
          "private": "eyJzY2hlbWFfdmVyc2lvbiI6IjEifQ=="
        }
      ]
    },
    {
      "mode": "managed",
      "type": "aws_network_interface_sg_attachment",
      "name": "sg_attachment",
      "provider": "provider[\"registry.terraform.io/hashicorp/aws\"]",
      "instances": [
        {
          "schema_version": 0,
          "attributes": {
            "id": "sg-0fe84100b27246c7a_eni-0b94d965c48b71e87",
            "network_interface_id": "eni-0b94d965c48b71e87",
            "security_group_id": "sg-0fe84100b27246c7a"
          },
          "sensitive_attributes": [],
          "private": "bnVsbA==",
          "dependencies": [
            "aws_instance.prod",
            "aws_key_pair.user_ssh",
            "aws_security_group.http_https"
          ]
        }
      ]
    },
    {
      "mode": "managed",
      "type": "aws_security_group",
      "name": "http_https",
      "provider": "provider[\"registry.terraform.io/hashicorp/aws\"]",
      "instances": [
        {
          "schema_version": 1,
          "attributes": {
            "arn": "arn:aws:ec2:us-east-2:763174776806:security-group/sg-0fe84100b27246c7a",
            "description": "Allows http and https trafics only",
            "egress": [],
            "id": "sg-0fe84100b27246c7a",
            "ingress": [
              {
                "cidr_blocks": [
                  "0.0.0.0/0"
                ],
                "description": "SSH",
                "from_port": 22,
                "ipv6_cidr_blocks": [],
                "prefix_list_ids": [],
                "protocol": "tcp",
                "security_groups": [],
                "self": false,
                "to_port": 22
              },
              {
                "cidr_blocks": [
                  "172.31.0.0/16",
                  "10.1.96.0/24"
                ],
                "description": "Http from the internet",
                "from_port": 80,
                "ipv6_cidr_blocks": [],
                "prefix_list_ids": [],
                "protocol": "tcp",
                "security_groups": [],
                "self": false,
                "to_port": 80
              },
              {
                "cidr_blocks": [
                  "172.31.0.0/16",
                  "10.1.96.0/24"
                ],
                "description": "Https from the internet",
                "from_port": 443,
                "ipv6_cidr_blocks": [],
                "prefix_list_ids": [],
                "protocol": "tcp",
                "security_groups": [],
                "self": false,
                "to_port": 443
              }
            ],
            "name": "http_https_ssh",
            "name_prefix": "",
            "owner_id": "763174776806",
            "revoke_rules_on_delete": false,
            "tags": {},
            "tags_all": {},
            "timeouts": null,
            "vpc_id": "vpc-8cae28e7"
          },
          "sensitive_attributes": [],
          "private": "eyJlMmJmYjczMC1lY2FhLTExZTYtOGY4OC0zNDM2M2JjN2M0YzAiOnsiY3JlYXRlIjo2MDAwMDAwMDAwMDAsImRlbGV0ZSI6OTAwMDAwMDAwMDAwfSwic2NoZW1hX3ZlcnNpb24iOiIxIn0=",
          "dependencies": [
            "data.aws_vpc.default"
          ]
        }
      ]
    }
  ]
}
